// !$*UTF8*$!
{
	archiveVersion = 1;
	classes = {
	};
	objectVersion = 46;
	objects = {

/* Begin PBXBuildFile section */
		7B86DADA1A0329CE00A4E21A /* main.swift in Sources */ = {isa = PBXBuildFile; fileRef = 7B86DAD91A0329CE00A4E21A /* main.swift */; };
		7B86DB711A032B3E00A4E21A /* Swiflection.framework in Frameworks */ = {isa = PBXBuildFile; fileRef = 7B86DB6E1A032B3700A4E21A /* Swiflection.framework */; };
		7B86DB781A032D7000A4E21A /* libswiftAppKit.dylib in Frameworks */ = {isa = PBXBuildFile; fileRef = 7B86DB771A032D7000A4E21A /* libswiftAppKit.dylib */; };
		7B86DB791A032D7E00A4E21A /* libswiftAppKit.dylib in CopyFiles */ = {isa = PBXBuildFile; fileRef = 7B86DB771A032D7000A4E21A /* libswiftAppKit.dylib */; };
		7B86DB7B1A032DB200A4E21A /* libswiftCore.dylib in CopyFiles */ = {isa = PBXBuildFile; fileRef = 7B86DB7A1A032DB200A4E21A /* libswiftCore.dylib */; };
		7B86DB861A032DC800A4E21A /* libswiftCoreGraphics.dylib in CopyFiles */ = {isa = PBXBuildFile; fileRef = 7B86DB7C1A032DC800A4E21A /* libswiftCoreGraphics.dylib */; };
		7B86DB871A032DC800A4E21A /* libswiftDarwin.dylib in CopyFiles */ = {isa = PBXBuildFile; fileRef = 7B86DB7D1A032DC800A4E21A /* libswiftDarwin.dylib */; };
		7B86DB881A032DC800A4E21A /* libswiftDispatch.dylib in CopyFiles */ = {isa = PBXBuildFile; fileRef = 7B86DB7E1A032DC800A4E21A /* libswiftDispatch.dylib */; };
		7B86DB891A032DC800A4E21A /* libswiftFoundation.dylib in CopyFiles */ = {isa = PBXBuildFile; fileRef = 7B86DB7F1A032DC800A4E21A /* libswiftFoundation.dylib */; };
		7B86DB8A1A032DC800A4E21A /* libswiftObjectiveC.dylib in CopyFiles */ = {isa = PBXBuildFile; fileRef = 7B86DB801A032DC800A4E21A /* libswiftObjectiveC.dylib */; };
		7B86DB8B1A032DC800A4E21A /* libswiftQuartzCore.dylib in CopyFiles */ = {isa = PBXBuildFile; fileRef = 7B86DB811A032DC800A4E21A /* libswiftQuartzCore.dylib */; };
		7B86DB8C1A032DC800A4E21A /* libswiftSecurity.dylib in CopyFiles */ = {isa = PBXBuildFile; fileRef = 7B86DB821A032DC800A4E21A /* libswiftSecurity.dylib */; };
		7B86DB8D1A032DC800A4E21A /* libswiftSpriteKit.dylib in CopyFiles */ = {isa = PBXBuildFile; fileRef = 7B86DB831A032DC800A4E21A /* libswiftSpriteKit.dylib */; };
		7B86DB8E1A032DC800A4E21A /* libswiftStdlibUnittest.dylib in CopyFiles */ = {isa = PBXBuildFile; fileRef = 7B86DB841A032DC800A4E21A /* libswiftStdlibUnittest.dylib */; };
		7B86DB8F1A032DC800A4E21A /* libswiftXCTest.dylib in CopyFiles */ = {isa = PBXBuildFile; fileRef = 7B86DB851A032DC800A4E21A /* libswiftXCTest.dylib */; };
/* End PBXBuildFile section */

/* Begin PBXContainerItemProxy section */
		7B86DB6D1A032B3700A4E21A /* PBXContainerItemProxy */ = {
			isa = PBXContainerItemProxy;
			containerPortal = 7B86DB681A032B3600A4E21A /* Swiflection.xcodeproj */;
			proxyType = 2;
			remoteGlobalIDString = 7B86DB4C1A032B3600A4E21A;
			remoteInfo = Swiflection;
		};
		7B86DB6F1A032B3700A4E21A /* PBXContainerItemProxy */ = {
			isa = PBXContainerItemProxy;
			containerPortal = 7B86DB681A032B3600A4E21A /* Swiflection.xcodeproj */;
			proxyType = 2;
			remoteGlobalIDString = 7B86DB571A032B3600A4E21A;
			remoteInfo = SwiflectionTests;
		};
/* End PBXContainerItemProxy section */

/* Begin PBXCopyFilesBuildPhase section */
		7B86DAD41A0329CE00A4E21A /* CopyFiles */ = {
			isa = PBXCopyFilesBuildPhase;
			buildActionMask = 12;
			dstPath = "";
			dstSubfolderSpec = 16;
			files = (
				7B86DB861A032DC800A4E21A /* libswiftCoreGraphics.dylib in CopyFiles */,
				7B86DB871A032DC800A4E21A /* libswiftDarwin.dylib in CopyFiles */,
				7B86DB881A032DC800A4E21A /* libswiftDispatch.dylib in CopyFiles */,
				7B86DB891A032DC800A4E21A /* libswiftFoundation.dylib in CopyFiles */,
				7B86DB8A1A032DC800A4E21A /* libswiftObjectiveC.dylib in CopyFiles */,
				7B86DB8B1A032DC800A4E21A /* libswiftQuartzCore.dylib in CopyFiles */,
				7B86DB8C1A032DC800A4E21A /* libswiftSecurity.dylib in CopyFiles */,
				7B86DB8D1A032DC800A4E21A /* libswiftSpriteKit.dylib in CopyFiles */,
				7B86DB8E1A032DC800A4E21A /* libswiftStdlibUnittest.dylib in CopyFiles */,
				7B86DB8F1A032DC800A4E21A /* libswiftXCTest.dylib in CopyFiles */,
				7B86DB7B1A032DB200A4E21A /* libswiftCore.dylib in CopyFiles */,
				7B86DB791A032D7E00A4E21A /* libswiftAppKit.dylib in CopyFiles */,
			);
			runOnlyForDeploymentPostprocessing = 0;
		};
/* End PBXCopyFilesBuildPhase section */

/* Begin PBXFileReference section */
		7B86DAD61A0329CE00A4E21A /* swiflection_query */ = {isa = PBXFileReference; explicitFileType = "compiled.mach-o.executable"; includeInIndex = 0; path = swiflection_query; sourceTree = BUILT_PRODUCTS_DIR; };
		7B86DAD91A0329CE00A4E21A /* main.swift */ = {isa = PBXFileReference; lastKnownFileType = sourcecode.swift; path = main.swift; sourceTree = "<group>"; };
		7B86DB681A032B3600A4E21A /* Swiflection.xcodeproj */ = {isa = PBXFileReference; lastKnownFileType = "wrapper.pb-project"; name = Swiflection.xcodeproj; path = Swiflection/Swiflection.xcodeproj; sourceTree = "<group>"; };
		7B86DB741A032C9F00A4E21A /* AppKit.framework */ = {isa = PBXFileReference; lastKnownFileType = wrapper.framework; name = AppKit.framework; path = System/Library/Frameworks/AppKit.framework; sourceTree = SDKROOT; };
		7B86DB771A032D7000A4E21A /* libswiftAppKit.dylib */ = {isa = PBXFileReference; lastKnownFileType = "compiled.mach-o.dylib"; name = libswiftAppKit.dylib; path = ../libswiftAppKit.dylib; sourceTree = "<group>"; };
		7B86DB7A1A032DB200A4E21A /* libswiftCore.dylib */ = {isa = PBXFileReference; lastKnownFileType = "compiled.mach-o.dylib"; name = libswiftCore.dylib; path = ../libswiftCore.dylib; sourceTree = "<group>"; };
		7B86DB7C1A032DC800A4E21A /* libswiftCoreGraphics.dylib */ = {isa = PBXFileReference; lastKnownFileType = "compiled.mach-o.dylib"; name = libswiftCoreGraphics.dylib; path = ../libswiftCoreGraphics.dylib; sourceTree = "<group>"; };
		7B86DB7D1A032DC800A4E21A /* libswiftDarwin.dylib */ = {isa = PBXFileReference; lastKnownFileType = "compiled.mach-o.dylib"; name = libswiftDarwin.dylib; path = ../libswiftDarwin.dylib; sourceTree = "<group>"; };
		7B86DB7E1A032DC800A4E21A /* libswiftDispatch.dylib */ = {isa = PBXFileReference; lastKnownFileType = "compiled.mach-o.dylib"; name = libswiftDispatch.dylib; path = ../libswiftDispatch.dylib; sourceTree = "<group>"; };
		7B86DB7F1A032DC800A4E21A /* libswiftFoundation.dylib */ = {isa = PBXFileReference; lastKnownFileType = "compiled.mach-o.dylib"; name = libswiftFoundation.dylib; path = ../libswiftFoundation.dylib; sourceTree = "<group>"; };
		7B86DB801A032DC800A4E21A /* libswiftObjectiveC.dylib */ = {isa = PBXFileReference; lastKnownFileType = "compiled.mach-o.dylib"; name = libswiftObjectiveC.dylib; path = ../libswiftObjectiveC.dylib; sourceTree = "<group>"; };
		7B86DB811A032DC800A4E21A /* libswiftQuartzCore.dylib */ = {isa = PBXFileReference; lastKnownFileType = "compiled.mach-o.dylib"; name = libswiftQuartzCore.dylib; path = ../libswiftQuartzCore.dylib; sourceTree = "<group>"; };
		7B86DB821A032DC800A4E21A /* libswiftSecurity.dylib */ = {isa = PBXFileReference; lastKnownFileType = "compiled.mach-o.dylib"; name = libswiftSecurity.dylib; path = ../libswiftSecurity.dylib; sourceTree = "<group>"; };
		7B86DB831A032DC800A4E21A /* libswiftSpriteKit.dylib */ = {isa = PBXFileReference; lastKnownFileType = "compiled.mach-o.dylib"; name = libswiftSpriteKit.dylib; path = ../libswiftSpriteKit.dylib; sourceTree = "<group>"; };
		7B86DB841A032DC800A4E21A /* libswiftStdlibUnittest.dylib */ = {isa = PBXFileReference; lastKnownFileType = "compiled.mach-o.dylib"; name = libswiftStdlibUnittest.dylib; path = ../libswiftStdlibUnittest.dylib; sourceTree = "<group>"; };
		7B86DB851A032DC800A4E21A /* libswiftXCTest.dylib */ = {isa = PBXFileReference; lastKnownFileType = "compiled.mach-o.dylib"; name = libswiftXCTest.dylib; path = ../libswiftXCTest.dylib; sourceTree = "<group>"; };
/* End PBXFileReference section */

/* Begin PBXFrameworksBuildPhase section */
		7B86DAD31A0329CE00A4E21A /* Frameworks */ = {
			isa = PBXFrameworksBuildPhase;
			buildActionMask = 2147483647;
			files = (
				7B86DB781A032D7000A4E21A /* libswiftAppKit.dylib in Frameworks */,
				7B86DB711A032B3E00A4E21A /* Swiflection.framework in Frameworks */,
			);
			runOnlyForDeploymentPostprocessing = 0;
		};
/* End PBXFrameworksBuildPhase section */

/* Begin PBXGroup section */
		7B86DACD1A0329CE00A4E21A = {
			isa = PBXGroup;
			children = (
				7B86DB7C1A032DC800A4E21A /* libswiftCoreGraphics.dylib */,
				7B86DB7D1A032DC800A4E21A /* libswiftDarwin.dylib */,
				7B86DB7E1A032DC800A4E21A /* libswiftDispatch.dylib */,
				7B86DB7F1A032DC800A4E21A /* libswiftFoundation.dylib */,
				7B86DB801A032DC800A4E21A /* libswiftObjectiveC.dylib */,
				7B86DB811A032DC800A4E21A /* libswiftQuartzCore.dylib */,
				7B86DB821A032DC800A4E21A /* libswiftSecurity.dylib */,
				7B86DB831A032DC800A4E21A /* libswiftSpriteKit.dylib */,
				7B86DB841A032DC800A4E21A /* libswiftStdlibUnittest.dylib */,
				7B86DB851A032DC800A4E21A /* libswiftXCTest.dylib */,
				7B86DB7A1A032DB200A4E21A /* libswiftCore.dylib */,
				7B86DB771A032D7000A4E21A /* libswiftAppKit.dylib */,
				7B86DB741A032C9F00A4E21A /* AppKit.framework */,
				7B86DB681A032B3600A4E21A /* Swiflection.xcodeproj */,
				7B86DAD81A0329CE00A4E21A /* swiflection_query */,
				7B86DAD71A0329CE00A4E21A /* Products */,
			);
			sourceTree = "<group>";
		};
		7B86DAD71A0329CE00A4E21A /* Products */ = {
			isa = PBXGroup;
			children = (
				7B86DAD61A0329CE00A4E21A /* swiflection_query */,
			);
			name = Products;
			sourceTree = "<group>";
		};
		7B86DAD81A0329CE00A4E21A /* swiflection_query */ = {
			isa = PBXGroup;
			children = (
				7B86DAD91A0329CE00A4E21A /* main.swift */,
			);
			path = swiflection_query;
			sourceTree = "<group>";
		};
		7B86DB691A032B3600A4E21A /* Products */ = {
			isa = PBXGroup;
			children = (
				7B86DB6E1A032B3700A4E21A /* Swiflection.framework */,
				7B86DB701A032B3700A4E21A /* SwiflectionTests.xctest */,
			);
			name = Products;
			sourceTree = "<group>";
		};
/* End PBXGroup section */

/* Begin PBXNativeTarget section */
		7B86DAD51A0329CE00A4E21A /* swiflection_query */ = {
			isa = PBXNativeTarget;
			buildConfigurationList = 7B86DADD1A0329CE00A4E21A /* Build configuration list for PBXNativeTarget "swiflection_query" */;
			buildPhases = (
				7B86DAD21A0329CE00A4E21A /* Sources */,
				7B86DAD31A0329CE00A4E21A /* Frameworks */,
				7B86DAD41A0329CE00A4E21A /* CopyFiles */,
			);
			buildRules = (
			);
			dependencies = (
			);
			name = swiflection_query;
			productName = swiflection_query;
			productReference = 7B86DAD61A0329CE00A4E21A /* swiflection_query */;
			productType = "com.apple.product-type.tool";
		};
/* End PBXNativeTarget section */

/* Begin PBXProject section */
		7B86DACE1A0329CE00A4E21A /* Project object */ = {
			isa = PBXProject;
			attributes = {
				LastUpgradeCheck = 0610;
				ORGANIZATIONNAME = "BrightDigit, LLC";
				TargetAttributes = {
					7B86DAD51A0329CE00A4E21A = {
						CreatedOnToolsVersion = 6.1;
					};
				};
			};
			buildConfigurationList = 7B86DAD11A0329CE00A4E21A /* Build configuration list for PBXProject "swiflection_query" */;
			compatibilityVersion = "Xcode 3.2";
			developmentRegion = English;
			hasScannedForEncodings = 0;
			knownRegions = (
				en,
			);
			mainGroup = 7B86DACD1A0329CE00A4E21A;
			productRefGroup = 7B86DAD71A0329CE00A4E21A /* Products */;
			projectDirPath = "";
			projectReferences = (
				{
					ProductGroup = 7B86DB691A032B3600A4E21A /* Products */;
					ProjectRef = 7B86DB681A032B3600A4E21A /* Swiflection.xcodeproj */;
				},
			);
			projectRoot = "";
			targets = (
				7B86DAD51A0329CE00A4E21A /* swiflection_query */,
			);
		};
/* End PBXProject section */

/* Begin PBXReferenceProxy section */
		7B86DB6E1A032B3700A4E21A /* Swiflection.framework */ = {
			isa = PBXReferenceProxy;
			fileType = wrapper.framework;
			path = Swiflection.framework;
			remoteRef = 7B86DB6D1A032B3700A4E21A /* PBXContainerItemProxy */;
			sourceTree = BUILT_PRODUCTS_DIR;
		};
		7B86DB701A032B3700A4E21A /* SwiflectionTests.xctest */ = {
			isa = PBXReferenceProxy;
			fileType = wrapper.cfbundle;
			path = SwiflectionTests.xctest;
			remoteRef = 7B86DB6F1A032B3700A4E21A /* PBXContainerItemProxy */;
			sourceTree = BUILT_PRODUCTS_DIR;
		};
/* End PBXReferenceProxy section */

/* Begin PBXSourcesBuildPhase section */
		7B86DAD21A0329CE00A4E21A /* Sources */ = {
			isa = PBXSourcesBuildPhase;
			buildActionMask = 2147483647;
			files = (
				7B86DADA1A0329CE00A4E21A /* main.swift in Sources */,
			);
			runOnlyForDeploymentPostprocessing = 0;
		};
/* End PBXSourcesBuildPhase section */

/* Begin XCBuildConfiguration section */
		7B86DADB1A0329CE00A4E21A /* Debug */ = {
			isa = XCBuildConfiguration;
			buildSettings = {
				ALWAYS_SEARCH_USER_PATHS = NO;
				CLANG_CXX_LANGUAGE_STANDARD = "gnu++0x";
				CLANG_CXX_LIBRARY = "libc++";
				CLANG_ENABLE_MODULES = YES;
				CLANG_ENABLE_OBJC_ARC = YES;
				CLANG_WARN_BOOL_CONVERSION = YES;
				CLANG_WARN_CONSTANT_CONVERSION = YES;
				CLANG_WARN_DIRECT_OBJC_ISA_USAGE = YES_ERROR;
				CLANG_WARN_EMPTY_BODY = YES;
				CLANG_WARN_ENUM_CONVERSION = YES;
				CLANG_WARN_INT_CONVERSION = YES;
				CLANG_WARN_OBJC_ROOT_CLASS = YES_ERROR;
				CLANG_WARN_UNREACHABLE_CODE = YES;
				CLANG_WARN__DUPLICATE_METHOD_MATCH = YES;
				COPY_PHASE_STRIP = NO;
				ENABLE_STRICT_OBJC_MSGSEND = YES;
				GCC_C_LANGUAGE_STANDARD = gnu99;
				GCC_DYNAMIC_NO_PIC = NO;
				GCC_OPTIMIZATION_LEVEL = 0;
				GCC_PREPROCESSOR_DEFINITIONS = (
					"DEBUG=1",
					"$(inherited)",
				);
				GCC_SYMBOLS_PRIVATE_EXTERN = NO;
				GCC_WARN_64_TO_32_BIT_CONVERSION = YES;
				GCC_WARN_ABOUT_RETURN_TYPE = YES_ERROR;
				GCC_WARN_UNDECLARED_SELECTOR = YES;
				GCC_WARN_UNINITIALIZED_AUTOS = YES_AGGRESSIVE;
				GCC_WARN_UNUSED_FUNCTION = YES;
				GCC_WARN_UNUSED_VARIABLE = YES;
				MACOSX_DEPLOYMENT_TARGET = 10.10;
				MTL_ENABLE_DEBUG_INFO = YES;
				ONLY_ACTIVE_ARCH = YES;
				SDKROOT = macosx;
				SWIFT_OPTIMIZATION_LEVEL = "-Onone";
			};
			name = Debug;
		};
		7B86DADC1A0329CE00A4E21A /* Release */ = {
			isa = XCBuildConfiguration;
			buildSettings = {
				ALWAYS_SEARCH_USER_PATHS = NO;
				CLANG_CXX_LANGUAGE_STANDARD = "gnu++0x";
				CLANG_CXX_LIBRARY = "libc++";
				CLANG_ENABLE_MODULES = YES;
				CLANG_ENABLE_OBJC_ARC = YES;
				CLANG_WARN_BOOL_CONVERSION = YES;
				CLANG_WARN_CONSTANT_CONVERSION = YES;
				CLANG_WARN_DIRECT_OBJC_ISA_USAGE = YES_ERROR;
				CLANG_WARN_EMPTY_BODY = YES;
				CLANG_WARN_ENUM_CONVERSION = YES;
				CLANG_WARN_INT_CONVERSION = YES;
				CLANG_WARN_OBJC_ROOT_CLASS = YES_ERROR;
				CLANG_WARN_UNREACHABLE_CODE = YES;
				CLANG_WARN__DUPLICATE_METHOD_MATCH = YES;
				COPY_PHASE_STRIP = YES;
				DEBUG_INFORMATION_FORMAT = "dwarf-with-dsym";
				ENABLE_NS_ASSERTIONS = NO;
				ENABLE_STRICT_OBJC_MSGSEND = YES;
				GCC_C_LANGUAGE_STANDARD = gnu99;
				GCC_WARN_64_TO_32_BIT_CONVERSION = YES;
				GCC_WARN_ABOUT_RETURN_TYPE = YES_ERROR;
				GCC_WARN_UNDECLARED_SELECTOR = YES;
				GCC_WARN_UNINITIALIZED_AUTOS = YES_AGGRESSIVE;
				GCC_WARN_UNUSED_FUNCTION = YES;
				GCC_WARN_UNUSED_VARIABLE = YES;
				MACOSX_DEPLOYMENT_TARGET = 10.10;
				MTL_ENABLE_DEBUG_INFO = NO;
				SDKROOT = macosx;
			};
			name = Release;
		};
		7B86DADE1A0329CE00A4E21A /* Debug */ = {
			isa = XCBuildConfiguration;
			buildSettings = {
				LIBRARY_SEARCH_PATHS = (
					"$(inherited)",
					/Users/leogdion/Documents/Projects/shopdocbox/modules/swiflection,
				);
				PRODUCT_NAME = "$(TARGET_NAME)";
			};
			name = Debug;
		};
		7B86DADF1A0329CE00A4E21A /* Release */ = {
			isa = XCBuildConfiguration;
			buildSettings = {
				LIBRARY_SEARCH_PATHS = (
					"$(inherited)",
					/Users/leogdion/Documents/Projects/shopdocbox/modules/swiflection,
				);
				PRODUCT_NAME = "$(TARGET_NAME)";
			};
			name = Release;
		};
/* End XCBuildConfiguration section */

/* Begin XCConfigurationList section */
		7B86DAD11A0329CE00A4E21A /* Build configuration list for PBXProject "swiflection_query" */ = {
			isa = XCConfigurationList;
			buildConfigurations = (
				7B86DADB1A0329CE00A4E21A /* Debug */,
				7B86DADC1A0329CE00A4E21A /* Release */,
			);
			defaultConfigurationIsVisible = 0;
			defaultConfigurationName = Release;
		};
		7B86DADD1A0329CE00A4E21A /* Build configuration list for PBXNativeTarget "swiflection_query" */ = {
			isa = XCConfigurationList;
			buildConfigurations = (
				7B86DADE1A0329CE00A4E21A /* Debug */,
				7B86DADF1A0329CE00A4E21A /* Release */,
			);
			defaultConfigurationIsVisible = 0;
		};
/* End XCConfigurationList section */
	};
	rootObject = 7B86DACE1A0329CE00A4E21A /* Project object */;
}
