// !$*UTF8*$!
{
	archiveVersion = 1;
	classes = {
	};
	objectVersion = 46;
	objects = {

/* Begin PBXBuildFile section */
		7B86DB521A032B3600A4E21A /* Swiflection.h in Headers */ = {isa = PBXBuildFile; fileRef = 7B86DB511A032B3600A4E21A /* Swiflection.h */; settings = {ATTRIBUTES = (Public, ); }; };
		7B86DB581A032B3600A4E21A /* Swiflection.framework in Frameworks */ = {isa = PBXBuildFile; fileRef = 7B86DB4C1A032B3600A4E21A /* Swiflection.framework */; };
		7B86DB5F1A032B3600A4E21A /* SwiflectionTests.swift in Sources */ = {isa = PBXBuildFile; fileRef = 7B86DB5E1A032B3600A4E21A /* SwiflectionTests.swift */; };
		7B86DB731A032BCC00A4E21A /* Query.swift in Sources */ = {isa = PBXBuildFile; fileRef = 7B86DB721A032BCC00A4E21A /* Query.swift */; };
/* End PBXBuildFile section */

/* Begin PBXContainerItemProxy section */
		7B86DB591A032B3600A4E21A /* PBXContainerItemProxy */ = {
			isa = PBXContainerItemProxy;
			containerPortal = 7B86DB431A032B3600A4E21A /* Project object */;
			proxyType = 1;
			remoteGlobalIDString = 7B86DB4B1A032B3600A4E21A;
			remoteInfo = Swiflection;
		};
/* End PBXContainerItemProxy section */

/* Begin PBXFileReference section */
		7B86DB4C1A032B3600A4E21A /* Swiflection.framework */ = {isa = PBXFileReference; explicitFileType = wrapper.framework; includeInIndex = 0; path = Swiflection.framework; sourceTree = BUILT_PRODUCTS_DIR; };
		7B86DB501A032B3600A4E21A /* Info.plist */ = {isa = PBXFileReference; lastKnownFileType = text.plist.xml; path = Info.plist; sourceTree = "<group>"; };
		7B86DB511A032B3600A4E21A /* Swiflection.h */ = {isa = PBXFileReference; lastKnownFileType = sourcecode.c.h; path = Swiflection.h; sourceTree = "<group>"; };
		7B86DB571A032B3600A4E21A /* SwiflectionTests.xctest */ = {isa = PBXFileReference; explicitFileType = wrapper.cfbundle; includeInIndex = 0; path = SwiflectionTests.xctest; sourceTree = BUILT_PRODUCTS_DIR; };
		7B86DB5D1A032B3600A4E21A /* Info.plist */ = {isa = PBXFileReference; lastKnownFileType = text.plist.xml; path = Info.plist; sourceTree = "<group>"; };
		7B86DB5E1A032B3600A4E21A /* SwiflectionTests.swift */ = {isa = PBXFileReference; lastKnownFileType = sourcecode.swift; path = SwiflectionTests.swift; sourceTree = "<group>"; };
		7B86DB721A032BCC00A4E21A /* Query.swift */ = {isa = PBXFileReference; fileEncoding = 4; lastKnownFileType = sourcecode.swift; path = Query.swift; sourceTree = "<group>"; };
/* End PBXFileReference section */

/* Begin PBXFrameworksBuildPhase section */
		7B86DB481A032B3600A4E21A /* Frameworks */ = {
			isa = PBXFrameworksBuildPhase;
			buildActionMask = 2147483647;
			files = (
			);
			runOnlyForDeploymentPostprocessing = 0;
		};
		7B86DB541A032B3600A4E21A /* Frameworks */ = {
			isa = PBXFrameworksBuildPhase;
			buildActionMask = 2147483647;
			files = (
				7B86DB581A032B3600A4E21A /* Swiflection.framework in Frameworks */,
			);
			runOnlyForDeploymentPostprocessing = 0;
		};
/* End PBXFrameworksBuildPhase section */

/* Begin PBXGroup section */
		7B86DB421A032B3600A4E21A = {
			isa = PBXGroup;
			children = (
				7B86DB4E1A032B3600A4E21A /* Swiflection */,
				7B86DB5B1A032B3600A4E21A /* SwiflectionTests */,
				7B86DB4D1A032B3600A4E21A /* Products */,
			);
			sourceTree = "<group>";
		};
		7B86DB4D1A032B3600A4E21A /* Products */ = {
			isa = PBXGroup;
			children = (
				7B86DB4C1A032B3600A4E21A /* Swiflection.framework */,
				7B86DB571A032B3600A4E21A /* SwiflectionTests.xctest */,
			);
			name = Products;
			sourceTree = "<group>";
		};
		7B86DB4E1A032B3600A4E21A /* Swiflection */ = {
			isa = PBXGroup;
			children = (
				7B86DB511A032B3600A4E21A /* Swiflection.h */,
				7B86DB4F1A032B3600A4E21A /* Supporting Files */,
				7B86DB721A032BCC00A4E21A /* Query.swift */,
			);
			path = Swiflection;
			sourceTree = "<group>";
		};
		7B86DB4F1A032B3600A4E21A /* Supporting Files */ = {
			isa = PBXGroup;
			children = (
				7B86DB501A032B3600A4E21A /* Info.plist */,
			);
			name = "Supporting Files";
			sourceTree = "<group>";
		};
		7B86DB5B1A032B3600A4E21A /* SwiflectionTests */ = {
			isa = PBXGroup;
			children = (
				7B86DB5E1A032B3600A4E21A /* SwiflectionTests.swift */,
				7B86DB5C1A032B3600A4E21A /* Supporting Files */,
			);
			path = SwiflectionTests;
			sourceTree = "<group>";
		};
		7B86DB5C1A032B3600A4E21A /* Supporting Files */ = {
			isa = PBXGroup;
			children = (
				7B86DB5D1A032B3600A4E21A /* Info.plist */,
			);
			name = "Supporting Files";
			sourceTree = "<group>";
		};
/* End PBXGroup section */

/* Begin PBXHeadersBuildPhase section */
		7B86DB491A032B3600A4E21A /* Headers */ = {
			isa = PBXHeadersBuildPhase;
			buildActionMask = 2147483647;
			files = (
				7B86DB521A032B3600A4E21A /* Swiflection.h in Headers */,
			);
			runOnlyForDeploymentPostprocessing = 0;
		};
/* End PBXHeadersBuildPhase section */

/* Begin PBXNativeTarget section */
		7B86DB4B1A032B3600A4E21A /* Swiflection */ = {
			isa = PBXNativeTarget;
			buildConfigurationList = 7B86DB621A032B3600A4E21A /* Build configuration list for PBXNativeTarget "Swiflection" */;
			buildPhases = (
				7B86DB471A032B3600A4E21A /* Sources */,
				7B86DB481A032B3600A4E21A /* Frameworks */,
				7B86DB491A032B3600A4E21A /* Headers */,
				7B86DB4A1A032B3600A4E21A /* Resources */,
			);
			buildRules = (
			);
			dependencies = (
			);
			name = Swiflection;
			productName = Swiflection;
			productReference = 7B86DB4C1A032B3600A4E21A /* Swiflection.framework */;
			productType = "com.apple.product-type.framework";
		};
		7B86DB561A032B3600A4E21A /* SwiflectionTests */ = {
			isa = PBXNativeTarget;
			buildConfigurationList = 7B86DB651A032B3600A4E21A /* Build configuration list for PBXNativeTarget "SwiflectionTests" */;
			buildPhases = (
				7B86DB531A032B3600A4E21A /* Sources */,
				7B86DB541A032B3600A4E21A /* Frameworks */,
				7B86DB551A032B3600A4E21A /* Resources */,
			);
			buildRules = (
			);
			dependencies = (
				7B86DB5A1A032B3600A4E21A /* PBXTargetDependency */,
			);
			name = SwiflectionTests;
			productName = SwiflectionTests;
			productReference = 7B86DB571A032B3600A4E21A /* SwiflectionTests.xctest */;
			productType = "com.apple.product-type.bundle.unit-test";
		};
/* End PBXNativeTarget section */

/* Begin PBXProject section */
		7B86DB431A032B3600A4E21A /* Project object */ = {
			isa = PBXProject;
			attributes = {
				LastUpgradeCheck = 0610;
				ORGANIZATIONNAME = "BrightDigit, LLC";
				TargetAttributes = {
					7B86DB4B1A032B3600A4E21A = {
						CreatedOnToolsVersion = 6.1;
					};
					7B86DB561A032B3600A4E21A = {
						CreatedOnToolsVersion = 6.1;
					};
				};
			};
			buildConfigurationList = 7B86DB461A032B3600A4E21A /* Build configuration list for PBXProject "Swiflection" */;
			compatibilityVersion = "Xcode 3.2";
			developmentRegion = English;
			hasScannedForEncodings = 0;
			knownRegions = (
				en,
			);
			mainGroup = 7B86DB421A032B3600A4E21A;
			productRefGroup = 7B86DB4D1A032B3600A4E21A /* Products */;
			projectDirPath = "";
			projectRoot = "";
			targets = (
				7B86DB4B1A032B3600A4E21A /* Swiflection */,
				7B86DB561A032B3600A4E21A /* SwiflectionTests */,
			);
		};
/* End PBXProject section */

/* Begin PBXResourcesBuildPhase section */
		7B86DB4A1A032B3600A4E21A /* Resources */ = {
			isa = PBXResourcesBuildPhase;
			buildActionMask = 2147483647;
			files = (
			);
			runOnlyForDeploymentPostprocessing = 0;
		};
		7B86DB551A032B3600A4E21A /* Resources */ = {
			isa = PBXResourcesBuildPhase;
			buildActionMask = 2147483647;
			files = (
			);
			runOnlyForDeploymentPostprocessing = 0;
		};
/* End PBXResourcesBuildPhase section */

/* Begin PBXSourcesBuildPhase section */
		7B86DB471A032B3600A4E21A /* Sources */ = {
			isa = PBXSourcesBuildPhase;
			buildActionMask = 2147483647;
			files = (
				7B86DB731A032BCC00A4E21A /* Query.swift in Sources */,
			);
			runOnlyForDeploymentPostprocessing = 0;
		};
		7B86DB531A032B3600A4E21A /* Sources */ = {
			isa = PBXSourcesBuildPhase;
			buildActionMask = 2147483647;
			files = (
				7B86DB5F1A032B3600A4E21A /* SwiflectionTests.swift in Sources */,
			);
			runOnlyForDeploymentPostprocessing = 0;
		};
/* End PBXSourcesBuildPhase section */

/* Begin PBXTargetDependency section */
		7B86DB5A1A032B3600A4E21A /* PBXTargetDependency */ = {
			isa = PBXTargetDependency;
			target = 7B86DB4B1A032B3600A4E21A /* Swiflection */;
			targetProxy = 7B86DB591A032B3600A4E21A /* PBXContainerItemProxy */;
		};
/* End PBXTargetDependency section */

/* Begin XCBuildConfiguration section */
		7B86DB601A032B3600A4E21A /* Debug */ = {
			isa = XCBuildConfiguration;
			buildSettings = {
				ALWAYS_SEARCH_USER_PATHS = NO;
				CLANG_CXX_LANGUAGE_STANDARD = "gnu++0x";
				CLANG_CXX_LIBRARY = "libc++";
				CLANG_ENABLE_MODULES = YES;
				CLANG_ENABLE_OBJC_ARC = YES;
				CLANG_WARN_BOOL_CONVERSION = YES;
				CLANG_WARN_CONSTANT_CONVERSION = YES;
				CLANG_WARN_DIRECT_OBJC_ISA_USAGE = YES_ERROR;
				CLANG_WARN_EMPTY_BODY = YES;
				CLANG_WARN_ENUM_CONVERSION = YES;
				CLANG_WARN_INT_CONVERSION = YES;
				CLANG_WARN_OBJC_ROOT_CLASS = YES_ERROR;
				CLANG_WARN_UNREACHABLE_CODE = YES;
				CLANG_WARN__DUPLICATE_METHOD_MATCH = YES;
				COPY_PHASE_STRIP = NO;
				CURRENT_PROJECT_VERSION = 1;
				ENABLE_STRICT_OBJC_MSGSEND = YES;
				GCC_C_LANGUAGE_STANDARD = gnu99;
				GCC_DYNAMIC_NO_PIC = NO;
				GCC_OPTIMIZATION_LEVEL = 0;
				GCC_PREPROCESSOR_DEFINITIONS = (
					"DEBUG=1",
					"$(inherited)",
				);
				GCC_SYMBOLS_PRIVATE_EXTERN = NO;
				GCC_WARN_64_TO_32_BIT_CONVERSION = YES;
				GCC_WARN_ABOUT_RETURN_TYPE = YES_ERROR;
				GCC_WARN_UNDECLARED_SELECTOR = YES;
				GCC_WARN_UNINITIALIZED_AUTOS = YES_AGGRESSIVE;
				GCC_WARN_UNUSED_FUNCTION = YES;
				GCC_WARN_UNUSED_VARIABLE = YES;
				MACOSX_DEPLOYMENT_TARGET = 10.10;
				MTL_ENABLE_DEBUG_INFO = YES;
				ONLY_ACTIVE_ARCH = YES;
				SDKROOT = macosx;
				SWIFT_OPTIMIZATION_LEVEL = "-Onone";
				VERSIONING_SYSTEM = "apple-generic";
				VERSION_INFO_PREFIX = "";
			};
			name = Debug;
		};
		7B86DB611A032B3600A4E21A /* Release */ = {
			isa = XCBuildConfiguration;
			buildSettings = {
				ALWAYS_SEARCH_USER_PATHS = NO;
				CLANG_CXX_LANGUAGE_STANDARD = "gnu++0x";
				CLANG_CXX_LIBRARY = "libc++";
				CLANG_ENABLE_MODULES = YES;
				CLANG_ENABLE_OBJC_ARC = YES;
				CLANG_WARN_BOOL_CONVERSION = YES;
				CLANG_WARN_CONSTANT_CONVERSION = YES;
				CLANG_WARN_DIRECT_OBJC_ISA_USAGE = YES_ERROR;
				CLANG_WARN_EMPTY_BODY = YES;
				CLANG_WARN_ENUM_CONVERSION = YES;
				CLANG_WARN_INT_CONVERSION = YES;
				CLANG_WARN_OBJC_ROOT_CLASS = YES_ERROR;
				CLANG_WARN_UNREACHABLE_CODE = YES;
				CLANG_WARN__DUPLICATE_METHOD_MATCH = YES;
				COPY_PHASE_STRIP = YES;
				CURRENT_PROJECT_VERSION = 1;
				DEBUG_INFORMATION_FORMAT = "dwarf-with-dsym";
				ENABLE_NS_ASSERTIONS = NO;
				ENABLE_STRICT_OBJC_MSGSEND = YES;
				GCC_C_LANGUAGE_STANDARD = gnu99;
				GCC_WARN_64_TO_32_BIT_CONVERSION = YES;
				GCC_WARN_ABOUT_RETURN_TYPE = YES_ERROR;
				GCC_WARN_UNDECLARED_SELECTOR = YES;
				GCC_WARN_UNINITIALIZED_AUTOS = YES_AGGRESSIVE;
				GCC_WARN_UNUSED_FUNCTION = YES;
				GCC_WARN_UNUSED_VARIABLE = YES;
				MACOSX_DEPLOYMENT_TARGET = 10.10;
				MTL_ENABLE_DEBUG_INFO = NO;
				SDKROOT = macosx;
				VERSIONING_SYSTEM = "apple-generic";
				VERSION_INFO_PREFIX = "";
			};
			name = Release;
		};
		7B86DB631A032B3600A4E21A /* Debug */ = {
			isa = XCBuildConfiguration;
			buildSettings = {
				CLANG_ENABLE_MODULES = YES;
				COMBINE_HIDPI_IMAGES = YES;
				DEFINES_MODULE = YES;
				DYLIB_COMPATIBILITY_VERSION = 1;
				DYLIB_CURRENT_VERSION = 1;
				DYLIB_INSTALL_NAME_BASE = "@rpath";
				FRAMEWORK_VERSION = A;
				INFOPLIST_FILE = Swiflection/Info.plist;
				INSTALL_PATH = "$(LOCAL_LIBRARY_DIR)/Frameworks";
				LD_RUNPATH_SEARCH_PATHS = "$(inherited) @executable_path/../Frameworks @loader_path/Frameworks";
				PRODUCT_NAME = "$(TARGET_NAME)";
				SKIP_INSTALL = YES;
				SWIFT_OPTIMIZATION_LEVEL = "-Onone";
			};
			name = Debug;
		};
		7B86DB641A032B3600A4E21A /* Release */ = {
			isa = XCBuildConfiguration;
			buildSettings = {
				CLANG_ENABLE_MODULES = YES;
				COMBINE_HIDPI_IMAGES = YES;
				DEFINES_MODULE = YES;
				DYLIB_COMPATIBILITY_VERSION = 1;
				DYLIB_CURRENT_VERSION = 1;
				DYLIB_INSTALL_NAME_BASE = "@rpath";
				FRAMEWORK_VERSION = A;
				INFOPLIST_FILE = Swiflection/Info.plist;
				INSTALL_PATH = "$(LOCAL_LIBRARY_DIR)/Frameworks";
				LD_RUNPATH_SEARCH_PATHS = "$(inherited) @executable_path/../Frameworks @loader_path/Frameworks";
				PRODUCT_NAME = "$(TARGET_NAME)";
				SKIP_INSTALL = YES;
			};
			name = Release;
		};
		7B86DB661A032B3600A4E21A /* Debug */ = {
			isa = XCBuildConfiguration;
			buildSettings = {
				COMBINE_HIDPI_IMAGES = YES;
				FRAMEWORK_SEARCH_PATHS = (
					"$(DEVELOPER_FRAMEWORKS_DIR)",
					"$(inherited)",
				);
				GCC_PREPROCESSOR_DEFINITIONS = (
					"DEBUG=1",
					"$(inherited)",
				);
				INFOPLIST_FILE = SwiflectionTests/Info.plist;
				LD_RUNPATH_SEARCH_PATHS = "$(inherited) @executable_path/../Frameworks @loader_path/../Frameworks";
				PRODUCT_NAME = "$(TARGET_NAME)";
			};
			name = Debug;
		};
		7B86DB671A032B3600A4E21A /* Release */ = {
			isa = XCBuildConfiguration;
			buildSettings = {
				COMBINE_HIDPI_IMAGES = YES;
				FRAMEWORK_SEARCH_PATHS = (
					"$(DEVELOPER_FRAMEWORKS_DIR)",
					"$(inherited)",
				);
				INFOPLIST_FILE = SwiflectionTests/Info.plist;
				LD_RUNPATH_SEARCH_PATHS = "$(inherited) @executable_path/../Frameworks @loader_path/../Frameworks";
				PRODUCT_NAME = "$(TARGET_NAME)";
			};
			name = Release;
		};
/* End XCBuildConfiguration section */

/* Begin XCConfigurationList section */
		7B86DB461A032B3600A4E21A /* Build configuration list for PBXProject "Swiflection" */ = {
			isa = XCConfigurationList;
			buildConfigurations = (
				7B86DB601A032B3600A4E21A /* Debug */,
				7B86DB611A032B3600A4E21A /* Release */,
			);
			defaultConfigurationIsVisible = 0;
			defaultConfigurationName = Release;
		};
		7B86DB621A032B3600A4E21A /* Build configuration list for PBXNativeTarget "Swiflection" */ = {
			isa = XCConfigurationList;
			buildConfigurations = (
				7B86DB631A032B3600A4E21A /* Debug */,
				7B86DB641A032B3600A4E21A /* Release */,
			);
			defaultConfigurationIsVisible = 0;
		};
		7B86DB651A032B3600A4E21A /* Build configuration list for PBXNativeTarget "SwiflectionTests" */ = {
			isa = XCConfigurationList;
			buildConfigurations = (
				7B86DB661A032B3600A4E21A /* Debug */,
				7B86DB671A032B3600A4E21A /* Release */,
			);
			defaultConfigurationIsVisible = 0;
		};
/* End XCConfigurationList section */
	};
	rootObject = 7B86DB431A032B3600A4E21A /* Project object */;
}
